{
  "requires": true,
  "lockfileVersion": 1,
  "dependencies": {
    "@popperjs/core": {
      "version": "2.11.2",
      "resolved": "https://registry.npmjs.org/@popperjs/core/-/core-2.11.2.tgz",
      "integrity": "sha512-92FRmppjjqz29VMJ2dn+xdyXZBrMlE42AV6Kq6BwjWV7CNUW1hs2FtxSNLQE+gJhaZ6AAmYuO9y8dshhcBl7vA==",
      "dev": true
    },
    "@types/bootstrap": {
      "version": "5.1.9",
      "resolved": "https://registry.npmjs.org/@types/bootstrap/-/bootstrap-5.1.9.tgz",
      "integrity": "sha512-Tembe6lt7819EUzV5LSG9uuwULm4hdEGV9LZ8QBYpWc0J+a+9DdmJEwZ4FMaXGVJWwumTPSkJ8JQF0/KDAmXYg==",
      "dev": true,
      "requires": {
        "@popperjs/core": "^2.9.2",
        "@types/jquery": "*"
      }
    },
    "@types/datatables.net": {
      "version": "1.10.21",
      "resolved": "https://registry.npmjs.org/@types/datatables.net/-/datatables.net-1.10.21.tgz",
      "integrity": "sha512-fXtWlm70PUEv0k5NfpI+BmHTTHxU6XMkKF0B2G3ly2g64EUYJc2SuNI9hZ7l/+aComO0IpLv0eLAOHGEfzMFiQ==",
      "requires": {
        "@types/jquery": "*"
      }
    },
    "@types/jquery": {
      "version": "3.5.13",
      "resolved": "https://registry.npmjs.org/@types/jquery/-/jquery-3.5.13.tgz",
      "integrity": "sha512-ZxJrup8nz/ZxcU0vantG+TPdboMhB24jad2uSap50zE7Q9rUeYlCF25kFMSmHR33qoeOgqcdHEp3roaookC0Sg==",
      "requires": {
        "@types/sizzle": "*"
      }
    },
    "@types/jquery.tools": {
      "version": "1.2.6",
      "resolved": "https://registry.npmjs.org/@types/jquery.tools/-/jquery.tools-1.2.6.tgz",
      "integrity": "sha512-ONbYlQIt0Wgt3PFSge0DiP5s/JHHZ/gAdCvqKoxlMi6Js/PrHRJxWJPDRBge+mlHLoJD0sY1TWC6d2XSWIhs8A==",
      "requires": {
        "@types/jquery": "*"
      }
    },
    "@types/jqueryui": {
      "version": "1.12.16",
      "resolved": "https://registry.npmjs.org/@types/jqueryui/-/jqueryui-1.12.16.tgz",
      "integrity": "sha512-6huAQDpNlso9ayaUT9amBOA3kj02OCeUWs+UvDmbaJmwkHSg/HLsQOoap/D5uveN9ePwl72N45Bl+Frp5xyG1Q==",
      "requires": {
        "@types/jquery": "*"
      }
    },
    "@types/sizzle": {
      "version": "2.3.3",
      "resolved": "https://registry.npmjs.org/@types/sizzle/-/sizzle-2.3.3.tgz",
      "integrity": "sha512-JYM8x9EGF163bEyhdJBpR2QX1R5naCJHC8ucJylJ3w9/CVBaskdQ8WqBf8MmQrd1kRvp/a4TS8HJ+bxzR7ZJYQ=="
    }
  }
}
